
Microsoft Visual Studio Solution File, Format Version 12.00
# Visual Studio 14
VisualStudioVersion = 14.0.25420.1
MinimumVisualStudioVersion = 10.0.40219.1
Project("{FAE04EC0-301F-11D3-BF4B-00C04F79EFBC}") = "TaskSchedule", "TaskSchedule\TaskSchedule.csproj", "{458FED14-8B01-40D5-A820-28D88B0993D0}"
EndProject
Project("{FAE04EC0-301F-11D3-BF4B-00C04F79EFBC}") = "TaskGenerator", "TaskGenerator\TaskGenerator.csproj", "{9730C9C1-78A1-4106-BACD-FCDE4991B1C5}"
EndProject
Project("{FAE04EC0-301F-11D3-BF4B-00C04F79EFBC}") = "TaskScheduler", "TaskScheduler\TaskScheduler.csproj", "{567BA80D-305C-4143-8C39-062CDC6CAC89}"
EndProject
Global
	GlobalSection(SolutionConfigurationPlatforms) = preSolution
		Debug|Any CPU = Debug|Any CPU
		Release|Any CPU = Release|Any CPU
	EndGlobalSection
	GlobalSection(ProjectConfigurationPlatforms) = postSolution
		{458FED14-8B01-40D5-A820-28D88B0993D0}.Debug|Any CPU.ActiveCfg = Debug|Any CPU
		{458FED14-8B01-40D5-A820-28D88B0993D0}.Debug|Any CPU.Build.0 = Debug|Any CPU
		{458FED14-8B01-40D5-A820-28D88B0993D0}.Release|Any CPU.ActiveCfg = Release|Any CPU
		{458FED14-8B01-40D5-A820-28D88B0993D0}.Release|Any CPU.Build.0 = Release|Any CPU
		{9730C9C1-78A1-4106-BACD-FCDE4991B1C5}.Debug|Any CPU.ActiveCfg = Debug|Any CPU
		{9730C9C1-78A1-4106-BACD-FCDE4991B1C5}.Debug|Any CPU.Build.0 = Debug|Any CPU
		{9730C9C1-78A1-4106-BACD-FCDE4991B1C5}.Release|Any CPU.ActiveCfg = Release|Any CPU
		{9730C9C1-78A1-4106-BACD-FCDE4991B1C5}.Release|Any CPU.Build.0 = Release|Any CPU
		{567BA80D-305C-4143-8C39-062CDC6CAC89}.Debug|Any CPU.ActiveCfg = Debug|Any CPU
		{567BA80D-305C-4143-8C39-062CDC6CAC89}.Debug|Any CPU.Build.0 = Debug|Any CPU
		{567BA80D-305C-4143-8C39-062CDC6CAC89}.Release|Any CPU.ActiveCfg = Release|Any CPU
		{567BA80D-305C-4143-8C39-062CDC6CAC89}.Release|Any CPU.Build.0 = Release|Any CPU
	EndGlobalSection
	GlobalSection(SolutionProperties) = preSolution
		HideSolutionNode = FALSE
	EndGlobalSection
EndGlobal
